
Microsoft Visual Studio Solution File, Format Version 12.00
# Visual Studio 15
VisualStudioVersion = 15.0.28010.2050
MinimumVisualStudioVersion = 10.0.40219.1
Project("{FAE04EC0-301F-11D3-BF4B-00C04F79EFBC}") = "Divider", "Divider\Divider.csproj", "{7DE1FAB9-7832-46AF-BAE3-BA465A3197BF}"
EndProject
Global
	GlobalSection(SolutionConfigurationPlatforms) = preSolution
		Debug|Any CPU = Debug|Any CPU
		Release|Any CPU = Release|Any CPU
	EndGlobalSection
	GlobalSection(ProjectConfigurationPlatforms) = postSolution
		{7DE1FAB9-7832-46AF-BAE3-BA465A3197BF}.Debug|Any CPU.ActiveCfg = Debug|Any CPU
		{7DE1FAB9-7832-46AF-BAE3-BA465A3197BF}.Debug|Any CPU.Build.0 = Debug|Any CPU
		{7DE1FAB9-7832-46AF-BAE3-BA465A3197BF}.Release|Any CPU.ActiveCfg = Release|Any CPU
		{7DE1FAB9-7832-46AF-BAE3-BA465A3197BF}.Release|Any CPU.Build.0 = Release|Any CPU
	EndGlobalSection
	GlobalSection(SolutionProperties) = preSolution
		HideSolutionNode = FALSE
	EndGlobalSection
	GlobalSection(ExtensibilityGlobals) = postSolution
		SolutionGuid = {0203441B-E158-435F-845F-96F1DFCCC252}
	EndGlobalSection
EndGlobal
